
Microsoft Visual Studio Solution File, Format Version 12.00
# Visual Studio 15
VisualStudioVersion = 15.0.28307.852
MinimumVisualStudioVersion = 10.0.40219.1
Project("{FAE04EC0-301F-11D3-BF4B-00C04F79EFBC}") = "grape", "grape\grape.csproj", "{88F8FF0E-B4D3-4452-AEA9-FB7E183ECBCD}"
EndProject
Global
	GlobalSection(SolutionConfigurationPlatforms) = preSolution
		Debug|Any CPU = Debug|Any CPU
		Release|Any CPU = Release|Any CPU
	EndGlobalSection
	GlobalSection(ProjectConfigurationPlatforms) = postSolution
		{88F8FF0E-B4D3-4452-AEA9-FB7E183ECBCD}.Debug|Any CPU.ActiveCfg = Debug|Any CPU
		{88F8FF0E-B4D3-4452-AEA9-FB7E183ECBCD}.Debug|Any CPU.Build.0 = Debug|Any CPU
		{88F8FF0E-B4D3-4452-AEA9-FB7E183ECBCD}.Release|Any CPU.ActiveCfg = Release|Any CPU
		{88F8FF0E-B4D3-4452-AEA9-FB7E183ECBCD}.Release|Any CPU.Build.0 = Release|Any CPU
	EndGlobalSection
	GlobalSection(SolutionProperties) = preSolution
		HideSolutionNode = FALSE
	EndGlobalSection
	GlobalSection(ExtensibilityGlobals) = postSolution
		SolutionGuid = {00D1B06E-1AF7-48CD-9C09-AF82F042A356}
	EndGlobalSection
EndGlobal
